<?xml version="1.0" encoding="utf-8"?>
<Project ToolsVersion="4.0" xmlns="http://schemas.microsoft.com/developer/msbuild/2003">
  <ItemGroup>
    <Filter Include="Source Files">
      <UniqueIdentifier>{4FC737F1-C7A5-4376-A066-2A32D752A2FF}</UniqueIdentifier>
      <Extensions>cpp;c;cc;cxx;def;odl;idl;hpj;bat;asm;asmx</Extensions>
    </Filter>
    <Filter Include="Header Files">
      <UniqueIdentifier>{93995380-89BD-4b04-88EB-625FBE52EBFB}</UniqueIdentifier>
      <Extensions>h;hh;hpp;hxx;hm;inl;inc;ipp;xsd</Extensions>
    </Filter>
    <Filter Include="Resource Files">
      <UniqueIdentifier>{67DA6AB6-F800-4c08-8B7A-83BB121AAD01}</UniqueIdentifier>
      <Extensions>rc;ico;cur;bmp;dlg;rc2;rct;bin;rgs;gif;jpg;jpeg;jpe;resx;tiff;tif;png;wav;mfcribbon-ms</Extensions>
    </Filter>
  </ItemGroup>
  <ItemGroup>
    <ClCompile Include="main.cpp">
      <Filter>Source Files</Filter>
    </ClCompile>
    <ClCompile Include="stdafx.cpp">
      <Filter>Source Files</Filter>
    </ClCompile>
    <ClCompile Include="System\window.cpp">
      <Filter>Source Files</Filter>
    </ClCompile>
    <ClCompile Include="System\graphic.cpp">
      <Filter>Source Files</Filter>
    </ClCompile>
    <ClCompile Include="System\fence.cpp">
      <Filter>Source Files</Filter>
    </ClCompile>
    <ClCompile Include="System\commandlist.cpp">
      <Filter>Source Files</Filter>
    </ClCompile>
    <ClCompile Include="System\psomanager.cpp">
      <Filter>Source Files</Filter>
    </ClCompile>
    <ClCompile Include="System\meshmanager.cpp">
      <Filter>Source Files</Filter>
    </ClCompile>
    <ClCompile Include="System\engine.cpp">
      <Filter>Source Files</Filter>
    </ClCompile>
    <ClCompile Include="System\gpubuffer.cpp">
      <Filter>Source Files</Filter>
    </ClCompile>
    <ClCompile Include="System\gpubufferuploadmanager.cpp">
      <Filter>Source Files</Filter>
    </ClCompile>
    <ClCompile Include="System\cpudescriptorheap.cpp">
      <Filter>Source Files</Filter>
    </ClCompile>
    <ClCompile Include="Utilities\linearallocator.cpp">
      <Filter>Source Files</Filter>
    </ClCompile>
    <ClCompile Include="Utilities\circularallocator.cpp">
      <Filter>Source Files</Filter>
    </ClCompile>
    <ClCompile Include="System\gpudescriptorheap.cpp">
      <Filter>Source Files</Filter>
    </ClCompile>
    <ClCompile Include="Graphics\camera.cpp">
      <Filter>Source Files</Filter>
    </ClCompile>
    <ClCompile Include="System\globaltimer.cpp">
      <Filter>Source Files</Filter>
    </ClCompile>
    <ClCompile Include="System\shaderparameters.cpp">
      <Filter>Source Files</Filter>
    </ClCompile>
    <ClCompile Include="System\pipelinestate.cpp">
      <Filter>Source Files</Filter>
    </ClCompile>
    <ClCompile Include="System\shaderparameterslayout.cpp">
      <Filter>Source Files</Filter>
    </ClCompile>
    <ClCompile Include="System\texture.cpp">
      <Filter>Source Files</Filter>
    </ClCompile>
    <ClCompile Include="System\sampler.cpp">
      <Filter>Source Files</Filter>
    </ClCompile>
    <ClCompile Include="Graphics\gpuparticlesystem.cpp">
      <Filter>Source Files</Filter>
    </ClCompile>
    <ClCompile Include="Graphics\gpuemitter.cpp">
      <Filter>Source Files</Filter>
    </ClCompile>
    <ClCompile Include="System\shadermanager.cpp">
      <Filter>Source Files</Filter>
    </ClCompile>
    <ClCompile Include="Graphics\gpuemittertemplate.cpp">
      <Filter>Source Files</Filter>
    </ClCompile>
    <ClCompile Include="System\transientresourceallocator.cpp">
      <Filter>Source Files</Filter>
    </ClCompile>
    <ClCompile Include="System\rendergraph.cpp">
      <Filter>Source Files</Filter>
    </ClCompile>
    <ClCompile Include="Graphics\RenderGraph\gpuparticlesystemrendernodes.cpp">
      <Filter>Source Files</Filter>
    </ClCompile>
    <ClCompile Include="Graphics\RenderGraph\fullscreennodes.cpp">
      <Filter>Source Files</Filter>
    </ClCompile>
    <ClCompile Include="Graphics\RenderGraph\miscnodes.cpp">
      <Filter>Source Files</Filter>
    </ClCompile>
    <ClCompile Include="System\dependencygraph.cpp">
      <Filter>Source Files</Filter>
    </ClCompile>
  </ItemGroup>
  <ItemGroup>
    <ClInclude Include="stdafx.h">
      <Filter>Header Files</Filter>
    </ClInclude>
    <ClInclude Include="System\window.h">
      <Filter>Header Files</Filter>
    </ClInclude>
    <ClInclude Include="System\graphic.h">
      <Filter>Header Files</Filter>
    </ClInclude>
    <ClInclude Include="Includes\d3dx12.h">
      <Filter>Header Files</Filter>
    </ClInclude>
    <ClInclude Include="System\fence.h">
      <Filter>Header Files</Filter>
    </ClInclude>
    <ClInclude Include="System\commandlist.h">
      <Filter>Header Files</Filter>
    </ClInclude>
    <ClInclude Include="System\psomanager.h">
      <Filter>Header Files</Filter>
    </ClInclude>
    <ClInclude Include="System\vertexformats.h">
      <Filter>Header Files</Filter>
    </ClInclude>
    <ClInclude Include="System\meshmanager.h">
      <Filter>Header Files</Filter>
    </ClInclude>
    <ClInclude Include="System\engine.h">
      <Filter>Header Files</Filter>
    </ClInclude>
    <ClInclude Include="System\gpubuffer.h">
      <Filter>Header Files</Filter>
    </ClInclude>
    <ClInclude Include="System\gpubufferuploadmanager.h">
      <Filter>Header Files</Filter>
    </ClInclude>
    <ClInclude Include="Utilities\freelistallocator.h">
      <Filter>Header Files</Filter>
    </ClInclude>
    <ClInclude Include="Utilities\memory.h">
      <Filter>Header Files</Filter>
    </ClInclude>
    <ClInclude Include="System\cpudescriptorheap.h">
      <Filter>Header Files</Filter>
    </ClInclude>
    <ClInclude Include="Utilities\linearallocator.h">
      <Filter>Header Files</Filter>
    </ClInclude>
    <ClInclude Include="Utilities\allocatorcommon.h">
      <Filter>Header Files</Filter>
    </ClInclude>
    <ClInclude Include="Utilities\circularallocator.h">
      <Filter>Header Files</Filter>
    </ClInclude>
    <ClInclude Include="System\gpudescriptorheap.h">
      <Filter>Header Files</Filter>
    </ClInclude>
    <ClInclude Include="Graphics\camera.h">
      <Filter>Header Files</Filter>
    </ClInclude>
    <ClInclude Include="System\globaltimer.h">
      <Filter>Header Files</Filter>
    </ClInclude>
    <ClInclude Include="Utilities\debug.h">
      <Filter>Header Files</Filter>
    </ClInclude>
    <ClInclude Include="System\shaderparameters.h">
      <Filter>Header Files</Filter>
    </ClInclude>
    <ClInclude Include="System\pipelinestate.h">
      <Filter>Header Files</Filter>
    </ClInclude>
    <ClInclude Include="System\shaderparameterslayout.h">
      <Filter>Header Files</Filter>
    </ClInclude>
    <ClInclude Include="System\texture.h">
      <Filter>Header Files</Filter>
    </ClInclude>
    <ClInclude Include="System\resource.h">
      <Filter>Header Files</Filter>
    </ClInclude>
    <ClInclude Include="System\sampler.h">
      <Filter>Header Files</Filter>
    </ClInclude>
    <ClInclude Include="Graphics\gpuparticlesystem.h">
      <Filter>Header Files</Filter>
    </ClInclude>
    <ClInclude Include="Graphics\gpuemitter.h">
      <Filter>Header Files</Filter>
    </ClInclude>
    <ClInclude Include="System\shadermanager.h">
      <Filter>Header Files</Filter>
    </ClInclude>
    <ClInclude Include="Utilities\string.h">
      <Filter>Header Files</Filter>
    </ClInclude>
    <ClInclude Include="Graphics\gpuemittertemplate.h">
      <Filter>Header Files</Filter>
    </ClInclude>
    <ClInclude Include="Utilities\objectpool.h">
      <Filter>Header Files</Filter>
    </ClInclude>
    <ClInclude Include="System\shader.h">
      <Filter>Header Files</Filter>
    </ClInclude>
    <ClInclude Include="Utilities\random.h">
      <Filter>Header Files</Filter>
    </ClInclude>
    <ClInclude Include="System\transientresourceallocator.h">
      <Filter>Header Files</Filter>
    </ClInclude>
    <ClInclude Include="System\rendergraph.h">
      <Filter>Header Files</Filter>
    </ClInclude>
    <ClInclude Include="Graphics\RenderGraph\gpuparticlesystemrendernodes.h">
      <Filter>Header Files</Filter>
    </ClInclude>
    <ClInclude Include="Graphics\RenderGraph\fullscreennodes.h">
      <Filter>Header Files</Filter>
    </ClInclude>
    <ClInclude Include="Graphics\RenderGraph\miscnodes.h">
      <Filter>Header Files</Filter>
    </ClInclude>
    <ClInclude Include="System\dependencygraph.h">
      <Filter>Header Files</Filter>
    </ClInclude>
    <ClInclude Include="System\rendergraphcommon.h">
      <Filter>Header Files</Filter>
    </ClInclude>
    <ClInclude Include="Shaders\bindlesscommon.hlsli" />
  </ItemGroup>
  <ItemGroup>
    <None Include="Shaders\Source\default.hlsli" />
    <None Include="Utilities\freelistallocator.inl">
      <Filter>Header Files</Filter>
    </None>
    <None Include="System\shaderparameters.inl">
      <Filter>Header Files</Filter>
    </None>
    <None Include="Shaders\Source\screen.hlsli" />
    <None Include="Shaders\default.hlsli" />
    <None Include="Shaders\screen.hlsli" />
    <None Include="Shaders\psdefault.hlsl" />
    <None Include="Shaders\psscreen.hlsl" />
    <None Include="Shaders\resetfreeindices.hlsl" />
    <None Include="Shaders\emitterupdate.hlsl" />
    <None Include="Shaders\vsdefault.hlsl" />
    <None Include="Shaders\vsscreen.hlsl" />
    <None Include="Shaders\updateTemplate.hlsl" />
    <None Include="Shaders\spawnTemplate.hlsl" />
    <None Include="Utilities\objectpool.inl">
      <Filter>Header Files</Filter>
    </None>
    <None Include="Shaders\particlecommon.hlsli" />
  </ItemGroup>
</Project>